
Microsoft Visual Studio Solution File, Format Version 12.00
# Visual Studio Version 17
VisualStudioVersion = 17.5.33530.505
MinimumVisualStudioVersion = 10.0.40219.1
Project("{FAE04EC0-301F-11D3-BF4B-00C04F79EFBC}") = "Ajedrez", "Ajedrez\Ajedrez.csproj", "{71BB7AE5-6414-4DBC-8763-30577C0BC8C9}"
EndProject
Global
	GlobalSection(SolutionConfigurationPlatforms) = preSolution
		Debug|Any CPU = Debug|Any CPU
		Release|Any CPU = Release|Any CPU
	EndGlobalSection
	GlobalSection(ProjectConfigurationPlatforms) = postSolution
		{71BB7AE5-6414-4DBC-8763-30577C0BC8C9}.Debug|Any CPU.ActiveCfg = Debug|Any CPU
		{71BB7AE5-6414-4DBC-8763-30577C0BC8C9}.Debug|Any CPU.Build.0 = Debug|Any CPU
		{71BB7AE5-6414-4DBC-8763-30577C0BC8C9}.Release|Any CPU.ActiveCfg = Release|Any CPU
		{71BB7AE5-6414-4DBC-8763-30577C0BC8C9}.Release|Any CPU.Build.0 = Release|Any CPU
	EndGlobalSection
	GlobalSection(SolutionProperties) = preSolution
		HideSolutionNode = FALSE
	EndGlobalSection
	GlobalSection(ExtensibilityGlobals) = postSolution
		SolutionGuid = {427D3A11-9041-4569-BF9C-48D1E0F438DD}
	EndGlobalSection
EndGlobal
